// !$*UTF8*$!
{
	archiveVersion = 1;
	classes = {
	};
	objectVersion = 55;
	objects = {

/* Begin PBXBuildFile section */
		2F9A9F0F278A453D00655186 /* AppDelegate.swift in Sources */ = {isa = PBXBuildFile; fileRef = 2F9A9F0E278A453D00655186 /* AppDelegate.swift */; };
		2F9A9F11278A453D00655186 /* SceneDelegate.swift in Sources */ = {isa = PBXBuildFile; fileRef = 2F9A9F10278A453D00655186 /* SceneDelegate.swift */; };
		2F9A9F13278A453D00655186 /* ViewController.swift in Sources */ = {isa = PBXBuildFile; fileRef = 2F9A9F12278A453D00655186 /* ViewController.swift */; };
		2F9A9F16278A453D00655186 /* Main.storyboard in Resources */ = {isa = PBXBuildFile; fileRef = 2F9A9F14278A453D00655186 /* Main.storyboard */; };
		2F9A9F18278A453D00655186 /* Assets.xcassets in Resources */ = {isa = PBXBuildFile; fileRef = 2F9A9F17278A453D00655186 /* Assets.xcassets */; };
		2F9A9F1B278A453D00655186 /* LaunchScreen.storyboard in Resources */ = {isa = PBXBuildFile; fileRef = 2F9A9F19278A453D00655186 /* LaunchScreen.storyboard */; };
		2F9A9F26278A460600655186 /* FoodCategory.swift in Sources */ = {isa = PBXBuildFile; fileRef = 2F9A9F25278A460600655186 /* FoodCategory.swift */; };
		2F9A9F28278A464800655186 /* Recipe.swift in Sources */ = {isa = PBXBuildFile; fileRef = 2F9A9F27278A464800655186 /* Recipe.swift */; };
		2F9A9F2A278A468B00655186 /* DataSet.swift in Sources */ = {isa = PBXBuildFile; fileRef = 2F9A9F29278A468B00655186 /* DataSet.swift */; };
		2F9A9F2C278BA10700655186 /* CategoryCell.swift in Sources */ = {isa = PBXBuildFile; fileRef = 2F9A9F2B278BA10700655186 /* CategoryCell.swift */; };
		2F9A9F2E278E636900655186 /* RecipesSelectionVC.swift in Sources */ = {isa = PBXBuildFile; fileRef = 2F9A9F2D278E636900655186 /* RecipesSelectionVC.swift */; };
		2F9A9F30278E68B900655186 /* RecipeCell.swift in Sources */ = {isa = PBXBuildFile; fileRef = 2F9A9F2F278E68B900655186 /* RecipeCell.swift */; };
		2F9A9F32278E72CC00655186 /* RecipeDetailVC.swift in Sources */ = {isa = PBXBuildFile; fileRef = 2F9A9F31278E72CC00655186 /* RecipeDetailVC.swift */; };
/* End PBXBuildFile section */

/* Begin PBXFileReference section */
		2F9A9F0B278A453D00655186 /* GoodEatins.app */ = {isa = PBXFileReference; explicitFileType = wrapper.application; includeInIndex = 0; path = GoodEatins.app; sourceTree = BUILT_PRODUCTS_DIR; };
		2F9A9F0E278A453D00655186 /* AppDelegate.swift */ = {isa = PBXFileReference; lastKnownFileType = sourcecode.swift; path = AppDelegate.swift; sourceTree = "<group>"; };
		2F9A9F10278A453D00655186 /* SceneDelegate.swift */ = {isa = PBXFileReference; lastKnownFileType = sourcecode.swift; path = SceneDelegate.swift; sourceTree = "<group>"; };
		2F9A9F12278A453D00655186 /* ViewController.swift */ = {isa = PBXFileReference; lastKnownFileType = sourcecode.swift; path = ViewController.swift; sourceTree = "<group>"; };
		2F9A9F15278A453D00655186 /* Base */ = {isa = PBXFileReference; lastKnownFileType = file.storyboard; name = Base; path = Base.lproj/Main.storyboard; sourceTree = "<group>"; };
		2F9A9F17278A453D00655186 /* Assets.xcassets */ = {isa = PBXFileReference; lastKnownFileType = folder.assetcatalog; path = Assets.xcassets; sourceTree = "<group>"; };
		2F9A9F1A278A453D00655186 /* Base */ = {isa = PBXFileReference; lastKnownFileType = file.storyboard; name = Base; path = Base.lproj/LaunchScreen.storyboard; sourceTree = "<group>"; };
		2F9A9F1C278A453D00655186 /* Info.plist */ = {isa = PBXFileReference; lastKnownFileType = text.plist.xml; path = Info.plist; sourceTree = "<group>"; };
		2F9A9F25278A460600655186 /* FoodCategory.swift */ = {isa = PBXFileReference; lastKnownFileType = sourcecode.swift; path = FoodCategory.swift; sourceTree = "<group>"; };
		2F9A9F27278A464800655186 /* Recipe.swift */ = {isa = PBXFileReference; lastKnownFileType = sourcecode.swift; path = Recipe.swift; sourceTree = "<group>"; };
		2F9A9F29278A468B00655186 /* DataSet.swift */ = {isa = PBXFileReference; lastKnownFileType = sourcecode.swift; path = DataSet.swift; sourceTree = "<group>"; };
		2F9A9F2B278BA10700655186 /* CategoryCell.swift */ = {isa = PBXFileReference; lastKnownFileType = sourcecode.swift; path = CategoryCell.swift; sourceTree = "<group>"; };
		2F9A9F2D278E636900655186 /* RecipesSelectionVC.swift */ = {isa = PBXFileReference; lastKnownFileType = sourcecode.swift; path = RecipesSelectionVC.swift; sourceTree = "<group>"; };
		2F9A9F2F278E68B900655186 /* RecipeCell.swift */ = {isa = PBXFileReference; lastKnownFileType = sourcecode.swift; path = RecipeCell.swift; sourceTree = "<group>"; };
		2F9A9F31278E72CC00655186 /* RecipeDetailVC.swift */ = {isa = PBXFileReference; lastKnownFileType = sourcecode.swift; path = RecipeDetailVC.swift; sourceTree = "<group>"; };
/* End PBXFileReference section */

/* Begin PBXFrameworksBuildPhase section */
		2F9A9F08278A453D00655186 /* Frameworks */ = {
			isa = PBXFrameworksBuildPhase;
			buildActionMask = 2147483647;
			files = (
			);
			runOnlyForDeploymentPostprocessing = 0;
		};
/* End PBXFrameworksBuildPhase section */

/* Begin PBXGroup section */
		2F9A9F02278A453D00655186 = {
			isa = PBXGroup;
			children = (
				2F9A9F0D278A453D00655186 /* GoodEatins */,
				2F9A9F0C278A453D00655186 /* Products */,
			);
			sourceTree = "<group>";
		};
		2F9A9F0C278A453D00655186 /* Products */ = {
			isa = PBXGroup;
			children = (
				2F9A9F0B278A453D00655186 /* GoodEatins.app */,
			);
			name = Products;
			sourceTree = "<group>";
		};
		2F9A9F0D278A453D00655186 /* GoodEatins */ = {
			isa = PBXGroup;
			children = (
				2F9A9F22278A45AA00655186 /* Model */,
				2F9A9F23278A45C400655186 /* View */,
				2F9A9F24278A45CD00655186 /* Controller */,
				2F9A9F0E278A453D00655186 /* AppDelegate.swift */,
				2F9A9F10278A453D00655186 /* SceneDelegate.swift */,
				2F9A9F14278A453D00655186 /* Main.storyboard */,
				2F9A9F17278A453D00655186 /* Assets.xcassets */,
				2F9A9F19278A453D00655186 /* LaunchScreen.storyboard */,
				2F9A9F1C278A453D00655186 /* Info.plist */,
			);
			path = GoodEatins;
			sourceTree = "<group>";
		};
		2F9A9F22278A45AA00655186 /* Model */ = {
			isa = PBXGroup;
			children = (
				2F9A9F25278A460600655186 /* FoodCategory.swift */,
				2F9A9F27278A464800655186 /* Recipe.swift */,
				2F9A9F29278A468B00655186 /* DataSet.swift */,
			);
			path = Model;
			sourceTree = "<group>";
		};
		2F9A9F23278A45C400655186 /* View */ = {
			isa = PBXGroup;
			children = (
				2F9A9F2B278BA10700655186 /* CategoryCell.swift */,
				2F9A9F2F278E68B900655186 /* RecipeCell.swift */,
			);
			path = View;
			sourceTree = "<group>";
		};
		2F9A9F24278A45CD00655186 /* Controller */ = {
			isa = PBXGroup;
			children = (
				2F9A9F12278A453D00655186 /* ViewController.swift */,
				2F9A9F2D278E636900655186 /* RecipesSelectionVC.swift */,
				2F9A9F31278E72CC00655186 /* RecipeDetailVC.swift */,
			);
			path = Controller;
			sourceTree = "<group>";
		};
/* End PBXGroup section */

/* Begin PBXNativeTarget section */
		2F9A9F0A278A453D00655186 /* GoodEatins */ = {
			isa = PBXNativeTarget;
			buildConfigurationList = 2F9A9F1F278A453D00655186 /* Build configuration list for PBXNativeTarget "GoodEatins" */;
			buildPhases = (
				2F9A9F07278A453D00655186 /* Sources */,
				2F9A9F08278A453D00655186 /* Frameworks */,
				2F9A9F09278A453D00655186 /* Resources */,
			);
			buildRules = (
			);
			dependencies = (
			);
			name = GoodEatins;
			productName = GoodEatins;
			productReference = 2F9A9F0B278A453D00655186 /* GoodEatins.app */;
			productType = "com.apple.product-type.application";
		};
/* End PBXNativeTarget section */

/* Begin PBXProject section */
		2F9A9F03278A453D00655186 /* Project object */ = {
			isa = PBXProject;
			attributes = {
				BuildIndependentTargetsInParallel = 1;
				LastSwiftUpdateCheck = 1320;
				LastUpgradeCheck = 1320;
				TargetAttributes = {
					2F9A9F0A278A453D00655186 = {
						CreatedOnToolsVersion = 13.2.1;
					};
				};
			};
			buildConfigurationList = 2F9A9F06278A453D00655186 /* Build configuration list for PBXProject "GoodEatins" */;
			compatibilityVersion = "Xcode 13.0";
			developmentRegion = en;
			hasScannedForEncodings = 0;
			knownRegions = (
				en,
				Base,
			);
			mainGroup = 2F9A9F02278A453D00655186;
			productRefGroup = 2F9A9F0C278A453D00655186 /* Products */;
			projectDirPath = "";
			projectRoot = "";
			targets = (
				2F9A9F0A278A453D00655186 /* GoodEatins */,
			);
		};
/* End PBXProject section */

/* Begin PBXResourcesBuildPhase section */
		2F9A9F09278A453D00655186 /* Resources */ = {
			isa = PBXResourcesBuildPhase;
			buildActionMask = 2147483647;
			files = (
				2F9A9F1B278A453D00655186 /* LaunchScreen.storyboard in Resources */,
				2F9A9F18278A453D00655186 /* Assets.xcassets in Resources */,
				2F9A9F16278A453D00655186 /* Main.storyboard in Resources */,
			);
			runOnlyForDeploymentPostprocessing = 0;
		};
/* End PBXResourcesBuildPhase section */

/* Begin PBXSourcesBuildPhase section */
		2F9A9F07278A453D00655186 /* Sources */ = {
			isa = PBXSourcesBuildPhase;
			buildActionMask = 2147483647;
			files = (
				2F9A9F2A278A468B00655186 /* DataSet.swift in Sources */,
				2F9A9F13278A453D00655186 /* ViewController.swift in Sources */,
				2F9A9F0F278A453D00655186 /* AppDelegate.swift in Sources */,
				2F9A9F32278E72CC00655186 /* RecipeDetailVC.swift in Sources */,
				2F9A9F30278E68B900655186 /* RecipeCell.swift in Sources */,
				2F9A9F2C278BA10700655186 /* CategoryCell.swift in Sources */,
				2F9A9F11278A453D00655186 /* SceneDelegate.swift in Sources */,
				2F9A9F2E278E636900655186 /* RecipesSelectionVC.swift in Sources */,
				2F9A9F28278A464800655186 /* Recipe.swift in Sources */,
				2F9A9F26278A460600655186 /* FoodCategory.swift in Sources */,
			);
			runOnlyForDeploymentPostprocessing = 0;
		};
/* End PBXSourcesBuildPhase section */

/* Begin PBXVariantGroup section */
		2F9A9F14278A453D00655186 /* Main.storyboard */ = {
			isa = PBXVariantGroup;
			children = (
				2F9A9F15278A453D00655186 /* Base */,
			);
			name = Main.storyboard;
			sourceTree = "<group>";
		};
		2F9A9F19278A453D00655186 /* LaunchScreen.storyboard */ = {
			isa = PBXVariantGroup;
			children = (
				2F9A9F1A278A453D00655186 /* Base */,
			);
			name = LaunchScreen.storyboard;
			sourceTree = "<group>";
		};
/* End PBXVariantGroup section */

/* Begin XCBuildConfiguration section */
		2F9A9F1D278A453D00655186 /* Debug */ = {
			isa = XCBuildConfiguration;
			buildSettings = {
				ALWAYS_SEARCH_USER_PATHS = NO;
				CLANG_ANALYZER_NONNULL = YES;
				CLANG_ANALYZER_NUMBER_OBJECT_CONVERSION = YES_AGGRESSIVE;
				CLANG_CXX_LANGUAGE_STANDARD = "gnu++17";
				CLANG_CXX_LIBRARY = "libc++";
				CLANG_ENABLE_MODULES = YES;
				CLANG_ENABLE_OBJC_ARC = YES;
				CLANG_ENABLE_OBJC_WEAK = YES;
				CLANG_WARN_BLOCK_CAPTURE_AUTORELEASING = YES;
				CLANG_WARN_BOOL_CONVERSION = YES;
				CLANG_WARN_COMMA = YES;
				CLANG_WARN_CONSTANT_CONVERSION = YES;
				CLANG_WARN_DEPRECATED_OBJC_IMPLEMENTATIONS = YES;
				CLANG_WARN_DIRECT_OBJC_ISA_USAGE = YES_ERROR;
				CLANG_WARN_DOCUMENTATION_COMMENTS = YES;
				CLANG_WARN_EMPTY_BODY = YES;
				CLANG_WARN_ENUM_CONVERSION = YES;
				CLANG_WARN_INFINITE_RECURSION = YES;
				CLANG_WARN_INT_CONVERSION = YES;
				CLANG_WARN_NON_LITERAL_NULL_CONVERSION = YES;
				CLANG_WARN_OBJC_IMPLICIT_RETAIN_SELF = YES;
				CLANG_WARN_OBJC_LITERAL_CONVERSION = YES;
				CLANG_WARN_OBJC_ROOT_CLASS = YES_ERROR;
				CLANG_WARN_QUOTED_INCLUDE_IN_FRAMEWORK_HEADER = YES;
				CLANG_WARN_RANGE_LOOP_ANALYSIS = YES;
				CLANG_WARN_STRICT_PROTOTYPES = YES;
				CLANG_WARN_SUSPICIOUS_MOVE = YES;
				CLANG_WARN_UNGUARDED_AVAILABILITY = YES_AGGRESSIVE;
				CLANG_WARN_UNREACHABLE_CODE = YES;
				CLANG_WARN__DUPLICATE_METHOD_MATCH = YES;
				COPY_PHASE_STRIP = NO;
				DEBUG_INFORMATION_FORMAT = dwarf;
				ENABLE_STRICT_OBJC_MSGSEND = YES;
				ENABLE_TESTABILITY = YES;
				GCC_C_LANGUAGE_STANDARD = gnu11;
				GCC_DYNAMIC_NO_PIC = NO;
				GCC_NO_COMMON_BLOCKS = YES;
				GCC_OPTIMIZATION_LEVEL = 0;
				GCC_PREPROCESSOR_DEFINITIONS = (
					"DEBUG=1",
					"$(inherited)",
				);
				GCC_WARN_64_TO_32_BIT_CONVERSION = YES;
				GCC_WARN_ABOUT_RETURN_TYPE = YES_ERROR;
				GCC_WARN_UNDECLARED_SELECTOR = YES;
				GCC_WARN_UNINITIALIZED_AUTOS = YES_AGGRESSIVE;
				GCC_WARN_UNUSED_FUNCTION = YES;
				GCC_WARN_UNUSED_VARIABLE = YES;
				IPHONEOS_DEPLOYMENT_TARGET = 15.2;
				MTL_ENABLE_DEBUG_INFO = INCLUDE_SOURCE;
				MTL_FAST_MATH = YES;
				ONLY_ACTIVE_ARCH = YES;
				SDKROOT = iphoneos;
				SWIFT_ACTIVE_COMPILATION_CONDITIONS = DEBUG;
				SWIFT_OPTIMIZATION_LEVEL = "-Onone";
			};
			name = Debug;
		};
		2F9A9F1E278A453D00655186 /* Release */ = {
			isa = XCBuildConfiguration;
			buildSettings = {
				ALWAYS_SEARCH_USER_PATHS = NO;
				CLANG_ANALYZER_NONNULL = YES;
				CLANG_ANALYZER_NUMBER_OBJECT_CONVERSION = YES_AGGRESSIVE;
				CLANG_CXX_LANGUAGE_STANDARD = "gnu++17";
				CLANG_CXX_LIBRARY = "libc++";
				CLANG_ENABLE_MODULES = YES;
				CLANG_ENABLE_OBJC_ARC = YES;
				CLANG_ENABLE_OBJC_WEAK = YES;
				CLANG_WARN_BLOCK_CAPTURE_AUTORELEASING = YES;
				CLANG_WARN_BOOL_CONVERSION = YES;
				CLANG_WARN_COMMA = YES;
				CLANG_WARN_CONSTANT_CONVERSION = YES;
				CLANG_WARN_DEPRECATED_OBJC_IMPLEMENTATIONS = YES;
				CLANG_WARN_DIRECT_OBJC_ISA_USAGE = YES_ERROR;
				CLANG_WARN_DOCUMENTATION_COMMENTS = YES;
				CLANG_WARN_EMPTY_BODY = YES;
				CLANG_WARN_ENUM_CONVERSION = YES;
				CLANG_WARN_INFINITE_RECURSION = YES;
				CLANG_WARN_INT_CONVERSION = YES;
				CLANG_WARN_NON_LITERAL_NULL_CONVERSION = YES;
				CLANG_WARN_OBJC_IMPLICIT_RETAIN_SELF = YES;
				CLANG_WARN_OBJC_LITERAL_CONVERSION = YES;
				CLANG_WARN_OBJC_ROOT_CLASS = YES_ERROR;
				CLANG_WARN_QUOTED_INCLUDE_IN_FRAMEWORK_HEADER = YES;
				CLANG_WARN_RANGE_LOOP_ANALYSIS = YES;
				CLANG_WARN_STRICT_PROTOTYPES = YES;
				CLANG_WARN_SUSPICIOUS_MOVE = YES;
				CLANG_WARN_UNGUARDED_AVAILABILITY = YES_AGGRESSIVE;
				CLANG_WARN_UNREACHABLE_CODE = YES;
				CLANG_WARN__DUPLICATE_METHOD_MATCH = YES;
				COPY_PHASE_STRIP = NO;
				DEBUG_INFORMATION_FORMAT = "dwarf-with-dsym";
				ENABLE_NS_ASSERTIONS = NO;
				ENABLE_STRICT_OBJC_MSGSEND = YES;
				GCC_C_LANGUAGE_STANDARD = gnu11;
				GCC_NO_COMMON_BLOCKS = YES;
				GCC_WARN_64_TO_32_BIT_CONVERSION = YES;
				GCC_WARN_ABOUT_RETURN_TYPE = YES_ERROR;
				GCC_WARN_UNDECLARED_SELECTOR = YES;
				GCC_WARN_UNINITIALIZED_AUTOS = YES_AGGRESSIVE;
				GCC_WARN_UNUSED_FUNCTION = YES;
				GCC_WARN_UNUSED_VARIABLE = YES;
				IPHONEOS_DEPLOYMENT_TARGET = 15.2;
				MTL_ENABLE_DEBUG_INFO = NO;
				MTL_FAST_MATH = YES;
				SDKROOT = iphoneos;
				SWIFT_COMPILATION_MODE = wholemodule;
				SWIFT_OPTIMIZATION_LEVEL = "-O";
				VALIDATE_PRODUCT = YES;
			};
			name = Release;
		};
		2F9A9F20278A453D00655186 /* Debug */ = {
			isa = XCBuildConfiguration;
			buildSettings = {
				ASSETCATALOG_COMPILER_APPICON_NAME = AppIcon;
				ASSETCATALOG_COMPILER_GLOBAL_ACCENT_COLOR_NAME = AccentColor;
				CODE_SIGN_STYLE = Automatic;
				CURRENT_PROJECT_VERSION = 1;
				DEVELOPMENT_TEAM = 2KCC4BSWFL;
				GENERATE_INFOPLIST_FILE = YES;
				INFOPLIST_FILE = GoodEatins/Info.plist;
				INFOPLIST_KEY_UIApplicationSupportsIndirectInputEvents = YES;
				INFOPLIST_KEY_UILaunchStoryboardName = LaunchScreen;
				INFOPLIST_KEY_UIMainStoryboardFile = Main;
				INFOPLIST_KEY_UISupportedInterfaceOrientations_iPad = "UIInterfaceOrientationPortrait UIInterfaceOrientationPortraitUpsideDown UIInterfaceOrientationLandscapeLeft UIInterfaceOrientationLandscapeRight";
				INFOPLIST_KEY_UISupportedInterfaceOrientations_iPhone = "UIInterfaceOrientationPortrait UIInterfaceOrientationLandscapeLeft UIInterfaceOrientationLandscapeRight";
				LD_RUNPATH_SEARCH_PATHS = (
					"$(inherited)",
					"@executable_path/Frameworks",
				);
				MARKETING_VERSION = 1.0;
				PRODUCT_BUNDLE_IDENTIFIER = com.GoodEatins;
				PRODUCT_NAME = "$(TARGET_NAME)";
				SWIFT_EMIT_LOC_STRINGS = YES;
				SWIFT_VERSION = 5.0;
				TARGETED_DEVICE_FAMILY = "1,2";
			};
			name = Debug;
		};
		2F9A9F21278A453D00655186 /* Release */ = {
			isa = XCBuildConfiguration;
			buildSettings = {
				ASSETCATALOG_COMPILER_APPICON_NAME = AppIcon;
				ASSETCATALOG_COMPILER_GLOBAL_ACCENT_COLOR_NAME = AccentColor;
				CODE_SIGN_STYLE = Automatic;
				CURRENT_PROJECT_VERSION = 1;
				DEVELOPMENT_TEAM = 2KCC4BSWFL;
				GENERATE_INFOPLIST_FILE = YES;
				INFOPLIST_FILE = GoodEatins/Info.plist;
				INFOPLIST_KEY_UIApplicationSupportsIndirectInputEvents = YES;
				INFOPLIST_KEY_UILaunchStoryboardName = LaunchScreen;
				INFOPLIST_KEY_UIMainStoryboardFile = Main;
				INFOPLIST_KEY_UISupportedInterfaceOrientations_iPad = "UIInterfaceOrientationPortrait UIInterfaceOrientationPortraitUpsideDown UIInterfaceOrientationLandscapeLeft UIInterfaceOrientationLandscapeRight";
				INFOPLIST_KEY_UISupportedInterfaceOrientations_iPhone = "UIInterfaceOrientationPortrait UIInterfaceOrientationLandscapeLeft UIInterfaceOrientationLandscapeRight";
				LD_RUNPATH_SEARCH_PATHS = (
					"$(inherited)",
					"@executable_path/Frameworks",
				);
				MARKETING_VERSION = 1.0;
				PRODUCT_BUNDLE_IDENTIFIER = com.GoodEatins;
				PRODUCT_NAME = "$(TARGET_NAME)";
				SWIFT_EMIT_LOC_STRINGS = YES;
				SWIFT_VERSION = 5.0;
				TARGETED_DEVICE_FAMILY = "1,2";
			};
			name = Release;
		};
/* End XCBuildConfiguration section */

/* Begin XCConfigurationList section */
		2F9A9F06278A453D00655186 /* Build configuration list for PBXProject "GoodEatins" */ = {
			isa = XCConfigurationList;
			buildConfigurations = (
				2F9A9F1D278A453D00655186 /* Debug */,
				2F9A9F1E278A453D00655186 /* Release */,
			);
			defaultConfigurationIsVisible = 0;
			defaultConfigurationName = Release;
		};
		2F9A9F1F278A453D00655186 /* Build configuration list for PBXNativeTarget "GoodEatins" */ = {
			isa = XCConfigurationList;
			buildConfigurations = (
				2F9A9F20278A453D00655186 /* Debug */,
				2F9A9F21278A453D00655186 /* Release */,
			);
			defaultConfigurationIsVisible = 0;
			defaultConfigurationName = Release;
		};
/* End XCConfigurationList section */
	};
	rootObject = 2F9A9F03278A453D00655186 /* Project object */;
}
